# THIS IS AN AUTOGENERATED FILE. DO NOT EDIT THIS FILE DIRECTLY.
assets/BLOKKNeue-Regular.woff:
  development: 2017-11-08T22:28:09-05:00   77d2d9e33a27b44366205d7cd2ad8f25
assets/BLOKKNeue-Regular.woff2:
  development: 2017-11-08T22:28:10-05:00   b1840b36c13c71cb84819cb1f27bcb64
assets/ffdin-black.woff:
  development: 2017-11-08T22:28:12-05:00   57f3d18d7c9df9d55ed305e1ad948475
assets/ffdin-blackitalic.woff:
  development: 2017-11-08T22:28:10-05:00   6a42f494538ea4d1abdbcc4e30ba7d97
assets/ffdin-bold.woff:
  development: 2017-11-08T22:28:07-05:00   906985aa40220061ea68ad1c276069c2
assets/ffdin-bolditalic.woff:
  development: 2017-11-08T22:28:11-05:00   0e2dda835a5cbf3a14300481cbb05dad
assets/ffdin-light.woff:
  development: 2017-11-08T22:28:09-05:00   5febfb1af466c06c2d1f7c6fb77b5b20
assets/ffdin-lightitalic.woff:
  development: 2017-11-08T22:28:07-05:00   6e7d37f8d539fac6dadfe8ea6628bfb9
assets/ffdin-medium.woff:
  development: 2017-11-08T22:28:11-05:00   b130b85958130d1cec78702f5474fcec
assets/ffdin-mediumitalic.woff:
  development: 2017-11-08T22:28:06-05:00   e7850ad5e5b3579f0188d53b1487e26a
assets/ffdin-regular.woff:
  development: 2017-11-08T22:28:08-05:00   706dfd4e9897020f70d6227f5633bfdb
assets/ffdin-regularitalic.woff:
  development: 2017-11-08T22:28:06-05:00   be17d1836171f0256b790d9ed614e504
assets/fonts.css:
  development: 2017-11-08T22:05:39-05:00   3fd062d7ece38f81a38979371c4acf19
assets/kaufmann-bold.woff:
  development: 2017-11-08T22:28:05-05:00   70d1089f06473d67257feceda9d175c2
assets/kaufmann-bold.woff2:
  development: 2017-11-08T22:28:09-05:00   b9c2dddf8d7be5486cbdf17794f304b6
assets/main.js:
  development: 2017-11-08T22:22:16-05:00   52dbe836647193356213cff8e60d9476
assets/manifest.json:
  development: 2017-11-08T22:22:15-05:00   92ae5b8a8bec9d194be31b3c2e8863f0
assets/runtime.js:
  development: 2017-11-08T22:22:13-05:00   8c05031e5b6e58af1cd358f77ddd9c76
assets/vendor.js:
  development: 2017-11-08T22:22:15-05:00   42aa88add868380af95525643fed1dda
layout/theme.liquid:
  development: 2017-11-08T22:24:22-05:00   d38312951415a66e2f5adf68c5191f6b
snippets/social-meta-tags.liquid:
  development: 2017-11-08T22:13:57-05:00   e7c97d7cb76c7925dd144dfb7b188cac
templates/collection.liquid:
  development: 2017-11-08T22:05:40-05:00
templates/index.liquid:
  development: 2017-11-08T22:05:40-05:00
templates/page.liquid:
  development: 2017-11-08T22:05:38-05:00
templates/product.liquid:
  development: 2017-11-08T22:05:41-05:00
